{
    "name": "@master/elements",
    "lockfileVersion": 2,
    "requires": true,
    "packages": {
        "": {
            "name": "@master/elements",
            "license": "MIT",
            "funding": {
                "url": "https://opencollective.com/master-co"
            },
            "peerDependencies": {
                "@master/dom": "^1.0.0-alpha.4",
                "@master/element": "^1.0.0-alpha.7",
                "@master/template": "^1.0.0-alpha.35",
                "@popperjs/core": "^2.0.0",
                "body-scroll-lock": "^3.1.5"
            }
        },
        "node_modules/@master/dom": {
            "version": "1.0.0-alpha.4",
            "resolved": "https://registry.npmjs.org/@master/dom/-/dom-1.0.0-alpha.4.tgz",
            "integrity": "sha512-8SVdmPbI9LWdsajK6KkEO065E2oNU+grTr1XN15oNriEtMFRTP3wOch5jIYzpQGe9DGSN451hcpgw99eIiGERw==",
            "peer": true
        },
        "node_modules/@master/element": {
            "version": "1.0.0-alpha.7",
            "resolved": "https://registry.npmjs.org/@master/element/-/element-1.0.0-alpha.7.tgz",
            "integrity": "sha512-KntaJP/aLNYr7HodAW2RNtZi6wWat51GHWt2f72KdxQEtAGo/kZP4pfUSbR+naEb7NNK9eBMTWFacXFL51++4A==",
            "peer": true,
            "peerDependencies": {
                "@master/dom": "^1.0.0-alpha",
                "reflect-metadata": "^0.1.13"
            }
        },
        "node_modules/@master/template": {
            "version": "1.0.0-alpha.35",
            "resolved": "https://registry.npmjs.org/@master/template/-/template-1.0.0-alpha.35.tgz",
            "integrity": "sha512-SRUs64/njCUUYJO0vz2ZDFgRH2XHgdhywGOw1QdsFm6bqDzhvxDFsUY+7j2nvvn0Z5yJbQT4ITBpzDAkq0YH3g==",
            "peer": true,
            "peerDependencies": {
                "@master/dom": "^1.0.0-alpha.1"
            }
        },
        "node_modules/@popperjs/core": {
            "version": "2.11.2",
            "resolved": "https://registry.npmjs.org/@popperjs/core/-/core-2.11.2.tgz",
            "integrity": "sha512-92FRmppjjqz29VMJ2dn+xdyXZBrMlE42AV6Kq6BwjWV7CNUW1hs2FtxSNLQE+gJhaZ6AAmYuO9y8dshhcBl7vA==",
            "peer": true,
            "funding": {
                "type": "opencollective",
                "url": "https://opencollective.com/popperjs"
            }
        },
        "node_modules/body-scroll-lock": {
            "version": "3.1.5",
            "resolved": "https://registry.npmjs.org/body-scroll-lock/-/body-scroll-lock-3.1.5.tgz",
            "integrity": "sha512-Yi1Xaml0EvNA0OYWxXiYNqY24AfWkbA6w5vxE7GWxtKfzIbZM+Qw+aSmkgsbWzbHiy/RCSkUZBplVxTA+E4jJg==",
            "peer": true
        },
        "node_modules/reflect-metadata": {
            "version": "0.1.13",
            "resolved": "https://registry.npmjs.org/reflect-metadata/-/reflect-metadata-0.1.13.tgz",
            "integrity": "sha512-Ts1Y/anZELhSsjMcU605fU9RE4Oi3p5ORujwbIKXfWa+0Zxs510Qrmrce5/Jowq3cHSZSJqBjypxmHarc+vEWg==",
            "peer": true
        }
    },
    "dependencies": {
        "@master/dom": {
            "version": "1.0.0-alpha.4",
            "resolved": "https://registry.npmjs.org/@master/dom/-/dom-1.0.0-alpha.4.tgz",
            "integrity": "sha512-8SVdmPbI9LWdsajK6KkEO065E2oNU+grTr1XN15oNriEtMFRTP3wOch5jIYzpQGe9DGSN451hcpgw99eIiGERw==",
            "peer": true
        },
        "@master/element": {
            "version": "1.0.0-alpha.7",
            "resolved": "https://registry.npmjs.org/@master/element/-/element-1.0.0-alpha.7.tgz",
            "integrity": "sha512-KntaJP/aLNYr7HodAW2RNtZi6wWat51GHWt2f72KdxQEtAGo/kZP4pfUSbR+naEb7NNK9eBMTWFacXFL51++4A==",
            "peer": true,
            "requires": {}
        },
        "@master/template": {
            "version": "1.0.0-alpha.35",
            "resolved": "https://registry.npmjs.org/@master/template/-/template-1.0.0-alpha.35.tgz",
            "integrity": "sha512-SRUs64/njCUUYJO0vz2ZDFgRH2XHgdhywGOw1QdsFm6bqDzhvxDFsUY+7j2nvvn0Z5yJbQT4ITBpzDAkq0YH3g==",
            "peer": true,
            "requires": {}
        },
        "@popperjs/core": {
            "version": "2.11.2",
            "resolved": "https://registry.npmjs.org/@popperjs/core/-/core-2.11.2.tgz",
            "integrity": "sha512-92FRmppjjqz29VMJ2dn+xdyXZBrMlE42AV6Kq6BwjWV7CNUW1hs2FtxSNLQE+gJhaZ6AAmYuO9y8dshhcBl7vA==",
            "peer": true
        },
        "body-scroll-lock": {
            "version": "3.1.5",
            "resolved": "https://registry.npmjs.org/body-scroll-lock/-/body-scroll-lock-3.1.5.tgz",
            "integrity": "sha512-Yi1Xaml0EvNA0OYWxXiYNqY24AfWkbA6w5vxE7GWxtKfzIbZM+Qw+aSmkgsbWzbHiy/RCSkUZBplVxTA+E4jJg==",
            "peer": true
        },
        "reflect-metadata": {
            "version": "0.1.13",
            "resolved": "https://registry.npmjs.org/reflect-metadata/-/reflect-metadata-0.1.13.tgz",
            "integrity": "sha512-Ts1Y/anZELhSsjMcU605fU9RE4Oi3p5ORujwbIKXfWa+0Zxs510Qrmrce5/Jowq3cHSZSJqBjypxmHarc+vEWg==",
            "peer": true
        }
    }
}
