{
    "name": "@master/elements",
    "lockfileVersion": 2,
    "requires": true,
    "packages": {
        "": {
            "name": "@master/elements",
            "license": "MIT",
            "funding": {
                "url": "https://opencollective.com/master-co"
            },
            "peerDependencies": {
                "@master/dom": "^1.0.0-alpha",
                "@master/element": "^1.0.0-alpha",
                "@master/template": "^1.0.0-alpha",
                "@popperjs/core": "^2.0.0",
                "body-scroll-lock": "^3.1.5"
            }
        },
        "node_modules/@master/dom": {
            "version": "1.0.0-alpha.1",
            "resolved": "https://registry.npmjs.org/@master/dom/-/dom-1.0.0-alpha.1.tgz",
            "integrity": "sha512-u3vXnmWwl1ZDOSDmiq59p0Wjx56Q0Iwwdh+h6HEChtcmR48t938Jay/YDXuX1aOJxhB3PNbywGBYaWwDrH+hOQ==",
            "peer": true
        },
        "node_modules/@master/element": {
            "version": "1.0.0-alpha.1",
            "resolved": "https://registry.npmjs.org/@master/element/-/element-1.0.0-alpha.1.tgz",
            "integrity": "sha512-J0gFP9RWcHtCHlM1RyaKXdtossUu6pTGbtQtT2ns4IckSDfxJa7c9mhGZ/8S2Mz4YeTQq2BDkifVyLZBSYD1kA==",
            "peer": true,
            "peerDependencies": {
                "@master/dom": "^1.0.0-alpha.1",
                "reflect-metadata": "^0.1.13"
            }
        },
        "node_modules/@master/template": {
            "version": "1.0.0-alpha.4",
            "resolved": "https://registry.npmjs.org/@master/template/-/template-1.0.0-alpha.4.tgz",
            "integrity": "sha512-wP1cmYFpGtso6wcEutBzixLG+ARPDnLjgKmlY7i+GJjuqPixxqXCrIZddBe1vtSIDIwNdxVFSbvgMUCJiKimXA==",
            "peer": true,
            "peerDependencies": {
                "@master/dom": "^1.0.0-alpha.1"
            }
        },
        "node_modules/@popperjs/core": {
            "version": "2.11.0",
            "resolved": "https://registry.npmjs.org/@popperjs/core/-/core-2.11.0.tgz",
            "integrity": "sha512-zrsUxjLOKAzdewIDRWy9nsV1GQsKBCWaGwsZQlCgr6/q+vjyZhFgqedLfFBuI9anTPEUT4APq9Mu0SZBTzIcGQ==",
            "peer": true,
            "funding": {
                "type": "opencollective",
                "url": "https://opencollective.com/popperjs"
            }
        },
        "node_modules/body-scroll-lock": {
            "version": "3.1.5",
            "resolved": "https://registry.npmjs.org/body-scroll-lock/-/body-scroll-lock-3.1.5.tgz",
            "integrity": "sha512-Yi1Xaml0EvNA0OYWxXiYNqY24AfWkbA6w5vxE7GWxtKfzIbZM+Qw+aSmkgsbWzbHiy/RCSkUZBplVxTA+E4jJg==",
            "peer": true
        },
        "node_modules/reflect-metadata": {
            "version": "0.1.13",
            "resolved": "https://registry.npmjs.org/reflect-metadata/-/reflect-metadata-0.1.13.tgz",
            "integrity": "sha512-Ts1Y/anZELhSsjMcU605fU9RE4Oi3p5ORujwbIKXfWa+0Zxs510Qrmrce5/Jowq3cHSZSJqBjypxmHarc+vEWg==",
            "peer": true
        }
    },
    "dependencies": {
        "@master/dom": {
            "version": "1.0.0-alpha.1",
            "resolved": "https://registry.npmjs.org/@master/dom/-/dom-1.0.0-alpha.1.tgz",
            "integrity": "sha512-u3vXnmWwl1ZDOSDmiq59p0Wjx56Q0Iwwdh+h6HEChtcmR48t938Jay/YDXuX1aOJxhB3PNbywGBYaWwDrH+hOQ==",
            "peer": true
        },
        "@master/element": {
            "version": "1.0.0-alpha.1",
            "resolved": "https://registry.npmjs.org/@master/element/-/element-1.0.0-alpha.1.tgz",
            "integrity": "sha512-J0gFP9RWcHtCHlM1RyaKXdtossUu6pTGbtQtT2ns4IckSDfxJa7c9mhGZ/8S2Mz4YeTQq2BDkifVyLZBSYD1kA==",
            "peer": true,
            "requires": {}
        },
        "@master/template": {
            "version": "1.0.0-alpha.4",
            "resolved": "https://registry.npmjs.org/@master/template/-/template-1.0.0-alpha.4.tgz",
            "integrity": "sha512-wP1cmYFpGtso6wcEutBzixLG+ARPDnLjgKmlY7i+GJjuqPixxqXCrIZddBe1vtSIDIwNdxVFSbvgMUCJiKimXA==",
            "peer": true,
            "requires": {}
        },
        "@popperjs/core": {
            "version": "2.11.0",
            "resolved": "https://registry.npmjs.org/@popperjs/core/-/core-2.11.0.tgz",
            "integrity": "sha512-zrsUxjLOKAzdewIDRWy9nsV1GQsKBCWaGwsZQlCgr6/q+vjyZhFgqedLfFBuI9anTPEUT4APq9Mu0SZBTzIcGQ==",
            "peer": true
        },
        "body-scroll-lock": {
            "version": "3.1.5",
            "resolved": "https://registry.npmjs.org/body-scroll-lock/-/body-scroll-lock-3.1.5.tgz",
            "integrity": "sha512-Yi1Xaml0EvNA0OYWxXiYNqY24AfWkbA6w5vxE7GWxtKfzIbZM+Qw+aSmkgsbWzbHiy/RCSkUZBplVxTA+E4jJg==",
            "peer": true
        },
        "reflect-metadata": {
            "version": "0.1.13",
            "resolved": "https://registry.npmjs.org/reflect-metadata/-/reflect-metadata-0.1.13.tgz",
            "integrity": "sha512-Ts1Y/anZELhSsjMcU605fU9RE4Oi3p5ORujwbIKXfWa+0Zxs510Qrmrce5/Jowq3cHSZSJqBjypxmHarc+vEWg==",
            "peer": true
        }
    }
}
